
Microsoft Visual Studio Solution File, Format Version 12.00
# Visual Studio Version 17
VisualStudioVersion = 17.14.36414.22
MinimumVisualStudioVersion = 10.0.40219.1
Project("{8BC9CEB8-8B4A-11D0-8D11-00A0C91BC942}") = "server", "server\server.vcxproj", "{A37FA113-3C7A-485E-98FB-CE532BF002E0}"
EndProject
Project("{8BC9CEB8-8B4A-11D0-8D11-00A0C91BC942}") = "client", "client\client.vcxproj", "{7F671949-B9FB-4D60-A905-2B4BE06D12C4}"
EndProject
Project("{8BC9CEB8-8B4A-11D0-8D11-00A0C91BC942}") = "common", "common\common.vcxproj", "{E965DED1-B37E-42FD-A68C-43E35778BECD}"
EndProject
Global
	GlobalSection(SolutionConfigurationPlatforms) = preSolution
		Debug|x64 = Debug|x64
		Debug|x86 = Debug|x86
		Release|x64 = Release|x64
		Release|x86 = Release|x86
	EndGlobalSection
	GlobalSection(ProjectConfigurationPlatforms) = postSolution
		{A37FA113-3C7A-485E-98FB-CE532BF002E0}.Debug|x64.ActiveCfg = Debug|x64
		{A37FA113-3C7A-485E-98FB-CE532BF002E0}.Debug|x64.Build.0 = Debug|x64
		{A37FA113-3C7A-485E-98FB-CE532BF002E0}.Debug|x86.ActiveCfg = Debug|Win32
		{A37FA113-3C7A-485E-98FB-CE532BF002E0}.Debug|x86.Build.0 = Debug|Win32
		{A37FA113-3C7A-485E-98FB-CE532BF002E0}.Release|x64.ActiveCfg = Release|x64
		{A37FA113-3C7A-485E-98FB-CE532BF002E0}.Release|x64.Build.0 = Release|x64
		{A37FA113-3C7A-485E-98FB-CE532BF002E0}.Release|x86.ActiveCfg = Release|Win32
		{A37FA113-3C7A-485E-98FB-CE532BF002E0}.Release|x86.Build.0 = Release|Win32
		{7F671949-B9FB-4D60-A905-2B4BE06D12C4}.Debug|x64.ActiveCfg = Debug|x64
		{7F671949-B9FB-4D60-A905-2B4BE06D12C4}.Debug|x64.Build.0 = Debug|x64
		{7F671949-B9FB-4D60-A905-2B4BE06D12C4}.Debug|x86.ActiveCfg = Debug|Win32
		{7F671949-B9FB-4D60-A905-2B4BE06D12C4}.Debug|x86.Build.0 = Debug|Win32
		{7F671949-B9FB-4D60-A905-2B4BE06D12C4}.Release|x64.ActiveCfg = Release|x64
		{7F671949-B9FB-4D60-A905-2B4BE06D12C4}.Release|x64.Build.0 = Release|x64
		{7F671949-B9FB-4D60-A905-2B4BE06D12C4}.Release|x86.ActiveCfg = Release|Win32
		{7F671949-B9FB-4D60-A905-2B4BE06D12C4}.Release|x86.Build.0 = Release|Win32
		{E965DED1-B37E-42FD-A68C-43E35778BECD}.Debug|x64.ActiveCfg = Debug|x64
		{E965DED1-B37E-42FD-A68C-43E35778BECD}.Debug|x64.Build.0 = Debug|x64
		{E965DED1-B37E-42FD-A68C-43E35778BECD}.Debug|x86.ActiveCfg = Debug|Win32
		{E965DED1-B37E-42FD-A68C-43E35778BECD}.Debug|x86.Build.0 = Debug|Win32
		{E965DED1-B37E-42FD-A68C-43E35778BECD}.Release|x64.ActiveCfg = Release|x64
		{E965DED1-B37E-42FD-A68C-43E35778BECD}.Release|x64.Build.0 = Release|x64
		{E965DED1-B37E-42FD-A68C-43E35778BECD}.Release|x86.ActiveCfg = Release|Win32
		{E965DED1-B37E-42FD-A68C-43E35778BECD}.Release|x86.Build.0 = Release|Win32
	EndGlobalSection
	GlobalSection(SolutionProperties) = preSolution
		HideSolutionNode = FALSE
	EndGlobalSection
	GlobalSection(ExtensibilityGlobals) = postSolution
		SolutionGuid = {0F136E02-2C43-482B-8232-881FA17CAD83}
	EndGlobalSection
EndGlobal
